
Microsoft Visual Studio Solution File, Format Version 12.00
# Visual Studio 15
VisualStudioVersion = 15.0.28010.2026
MinimumVisualStudioVersion = 10.0.40219.1
Project("{FAE04EC0-301F-11D3-BF4B-00C04F79EFBC}") = "CheckWeather.Service", "WindowsService1\CheckWeather.Service.csproj", "{5145453E-B4F7-416E-AA8E-3580513F8F45}"
EndProject
Global
	GlobalSection(SolutionConfigurationPlatforms) = preSolution
		Debug|Any CPU = Debug|Any CPU
		Release|Any CPU = Release|Any CPU
	EndGlobalSection
	GlobalSection(ProjectConfigurationPlatforms) = postSolution
		{5145453E-B4F7-416E-AA8E-3580513F8F45}.Debug|Any CPU.ActiveCfg = Debug|Any CPU
		{5145453E-B4F7-416E-AA8E-3580513F8F45}.Debug|Any CPU.Build.0 = Debug|Any CPU
		{5145453E-B4F7-416E-AA8E-3580513F8F45}.Release|Any CPU.ActiveCfg = Release|Any CPU
		{5145453E-B4F7-416E-AA8E-3580513F8F45}.Release|Any CPU.Build.0 = Release|Any CPU
	EndGlobalSection
	GlobalSection(SolutionProperties) = preSolution
		HideSolutionNode = FALSE
	EndGlobalSection
	GlobalSection(ExtensibilityGlobals) = postSolution
		SolutionGuid = {F385950F-4677-46BE-B2E6-C9B446D90F53}
	EndGlobalSection
EndGlobal
